
Microsoft Visual Studio Solution File, Format Version 12.00
# Visual Studio Version 17
VisualStudioVersion = 17.1.32421.90
MinimumVisualStudioVersion = 10.0.40219.1
Project("{FAE04EC0-301F-11D3-BF4B-00C04F79EFBC}") = "C Sharp Practice", "C Sharp Practice\C Sharp Practice.csproj", "{65D5DB3C-5786-4039-86E5-823FD2F548CC}"
EndProject
Global
	GlobalSection(SolutionConfigurationPlatforms) = preSolution
		Debug|Any CPU = Debug|Any CPU
		Release|Any CPU = Release|Any CPU
	EndGlobalSection
	GlobalSection(ProjectConfigurationPlatforms) = postSolution
		{65D5DB3C-5786-4039-86E5-823FD2F548CC}.Debug|Any CPU.ActiveCfg = Debug|Any CPU
		{65D5DB3C-5786-4039-86E5-823FD2F548CC}.Debug|Any CPU.Build.0 = Debug|Any CPU
		{65D5DB3C-5786-4039-86E5-823FD2F548CC}.Release|Any CPU.ActiveCfg = Release|Any CPU
		{65D5DB3C-5786-4039-86E5-823FD2F548CC}.Release|Any CPU.Build.0 = Release|Any CPU
	EndGlobalSection
	GlobalSection(SolutionProperties) = preSolution
		HideSolutionNode = FALSE
	EndGlobalSection
	GlobalSection(ExtensibilityGlobals) = postSolution
		SolutionGuid = {96B780A7-0E04-4DAA-877D-7AD277B3701B}
	EndGlobalSection
EndGlobal
